
Microsoft Visual Studio Solution File, Format Version 12.00
# Visual Studio Version 17
VisualStudioVersion = 17.4.33122.133
MinimumVisualStudioVersion = 10.0.40219.1
Project("{FAE04EC0-301F-11D3-BF4B-00C04F79EFBC}") = "Wordle", "Wordle\Wordle.csproj", "{C8BE1486-ACD6-4B44-BCFA-D3B081573FC3}"
EndProject
Global
	GlobalSection(SolutionConfigurationPlatforms) = preSolution
		Debug|Any CPU = Debug|Any CPU
		Release|Any CPU = Release|Any CPU
	EndGlobalSection
	GlobalSection(ProjectConfigurationPlatforms) = postSolution
		{C8BE1486-ACD6-4B44-BCFA-D3B081573FC3}.Debug|Any CPU.ActiveCfg = Debug|Any CPU
		{C8BE1486-ACD6-4B44-BCFA-D3B081573FC3}.Debug|Any CPU.Build.0 = Debug|Any CPU
		{C8BE1486-ACD6-4B44-BCFA-D3B081573FC3}.Release|Any CPU.ActiveCfg = Release|Any CPU
		{C8BE1486-ACD6-4B44-BCFA-D3B081573FC3}.Release|Any CPU.Build.0 = Release|Any CPU
	EndGlobalSection
	GlobalSection(SolutionProperties) = preSolution
		HideSolutionNode = FALSE
	EndGlobalSection
	GlobalSection(ExtensibilityGlobals) = postSolution
		SolutionGuid = {EDE290C8-517A-47E4-9786-33CA70A4EF29}
	EndGlobalSection
EndGlobal
